
Microsoft Visual Studio Solution File, Format Version 12.00
# Visual Studio Version 16
VisualStudioVersion = 16.0.29418.71
MinimumVisualStudioVersion = 10.0.40219.1
Project("{E24C65DC-7377-472B-9ABA-BC803B73C61A}") = "ruanjian", "ruanjian\", "{E12A75ED-E027-41BC-AA44-52474DC6FBE8}"
	ProjectSection(WebsiteProperties) = preProject
		TargetFrameworkMoniker = ".NETFramework,Version%3Dv4.5"
		Debug.AspNetCompiler.VirtualPath = "/localhost_33759"
		Debug.AspNetCompiler.PhysicalPath = "ruanjian\"
		Debug.AspNetCompiler.TargetPath = "PrecompiledWeb\localhost_33759\"
		Debug.AspNetCompiler.Updateable = "true"
		Debug.AspNetCompiler.ForceOverwrite = "true"
		Debug.AspNetCompiler.FixedNames = "false"
		Debug.AspNetCompiler.Debug = "True"
		Release.AspNetCompiler.VirtualPath = "/localhost_33759"
		Release.AspNetCompiler.PhysicalPath = "ruanjian\"
		Release.AspNetCompiler.TargetPath = "PrecompiledWeb\localhost_33759\"
		Release.AspNetCompiler.Updateable = "true"
		Release.AspNetCompiler.ForceOverwrite = "true"
		Release.AspNetCompiler.FixedNames = "false"
		Release.AspNetCompiler.Debug = "False"
		VWDPort = "33759"
		SlnRelativePath = "ruanjian\"
	EndProjectSection
EndProject
Global
	GlobalSection(SolutionConfigurationPlatforms) = preSolution
		Debug|Any CPU = Debug|Any CPU
	EndGlobalSection
	GlobalSection(ProjectConfigurationPlatforms) = postSolution
		{E12A75ED-E027-41BC-AA44-52474DC6FBE8}.Debug|Any CPU.ActiveCfg = Debug|Any CPU
		{E12A75ED-E027-41BC-AA44-52474DC6FBE8}.Debug|Any CPU.Build.0 = Debug|Any CPU
	EndGlobalSection
	GlobalSection(SolutionProperties) = preSolution
		HideSolutionNode = FALSE
	EndGlobalSection
	GlobalSection(ExtensibilityGlobals) = postSolution
		SolutionGuid = {2033A780-A42E-4DC8-9E13-1D6863700D9D}
	EndGlobalSection
EndGlobal
